
Microsoft Visual Studio Solution File, Format Version 12.00
# Visual Studio 15
VisualStudioVersion = 15.0.28307.421
MinimumVisualStudioVersion = 10.0.40219.1
Project("{FAE04EC0-301F-11D3-BF4B-00C04F79EFBC}") = "bankapp", "bankapp\bankapp.csproj", "{BBE997C0-8067-44C4-9DCD-94E3A38904A3}"
EndProject
Global
	GlobalSection(SolutionConfigurationPlatforms) = preSolution
		Debug|Any CPU = Debug|Any CPU
		Release|Any CPU = Release|Any CPU
	EndGlobalSection
	GlobalSection(ProjectConfigurationPlatforms) = postSolution
		{BBE997C0-8067-44C4-9DCD-94E3A38904A3}.Debug|Any CPU.ActiveCfg = Debug|Any CPU
		{BBE997C0-8067-44C4-9DCD-94E3A38904A3}.Debug|Any CPU.Build.0 = Debug|Any CPU
		{BBE997C0-8067-44C4-9DCD-94E3A38904A3}.Release|Any CPU.ActiveCfg = Release|Any CPU
		{BBE997C0-8067-44C4-9DCD-94E3A38904A3}.Release|Any CPU.Build.0 = Release|Any CPU
	EndGlobalSection
	GlobalSection(SolutionProperties) = preSolution
		HideSolutionNode = FALSE
	EndGlobalSection
	GlobalSection(ExtensibilityGlobals) = postSolution
		SolutionGuid = {E405134A-EAB6-4E4D-8037-03111599C5AD}
	EndGlobalSection
EndGlobal
